
Microsoft Visual Studio Solution File, Format Version 12.00
# Visual Studio Version 17
VisualStudioVersion = 17.6.33723.286
MinimumVisualStudioVersion = 10.0.40219.1
Project("{FAE04EC0-301F-11D3-BF4B-00C04F79EFBC}") = "ServiceListener", "ServiceListener.csproj", "{A379B562-BC6B-4FCD-969D-6CE4C6DDC237}"
EndProject
Global
	GlobalSection(SolutionConfigurationPlatforms) = preSolution
		Debug|Any CPU = Debug|Any CPU
		Release|Any CPU = Release|Any CPU
	EndGlobalSection
	GlobalSection(ProjectConfigurationPlatforms) = postSolution
		{A379B562-BC6B-4FCD-969D-6CE4C6DDC237}.Debug|Any CPU.ActiveCfg = Debug|Any CPU
		{A379B562-BC6B-4FCD-969D-6CE4C6DDC237}.Debug|Any CPU.Build.0 = Debug|Any CPU
		{A379B562-BC6B-4FCD-969D-6CE4C6DDC237}.Release|Any CPU.ActiveCfg = Release|Any CPU
		{A379B562-BC6B-4FCD-969D-6CE4C6DDC237}.Release|Any CPU.Build.0 = Release|Any CPU
	EndGlobalSection
	GlobalSection(SolutionProperties) = preSolution
		HideSolutionNode = FALSE
	EndGlobalSection
	GlobalSection(ExtensibilityGlobals) = postSolution
		SolutionGuid = {36EACE41-154D-4710-B877-809E1273B73B}
	EndGlobalSection
EndGlobal
